github.com/arangodb/go-driver v0.0.0-20190123094303-4da7b19c6d72 h1:Gn1dJc28L5RrEbPsKc5IjEA7VOOcqZ7ILEi7VH09ldA=
github.com/arangodb/go-driver v0.0.0-20190123094303-4da7b19c6d72/go.mod h1:NcDoR4f0FdFia/QizCc+B69DggPGLP3nCKg5IUtudm0=
github.com/arangodb/go-velocypack v0.0.0-20180928134037-d177e3455691 h1:62SGGAvrKTXOrewra74du0H98Yg/eufQ/tO3RoIP8Bs=
github.com/arangodb/go-velocypack v0.0.0-20180928134037-d177e3455691/go.mod h1:7QCjpWXdB49P6fql1CxmsBWd8z/T4L4pqFLTnc10xNM=
github.com/coreos/go-iptables v0.4.0/go.mod h1:/mVI274lEDI2ns62jHCDnCyBF9Iwsmekav8Dbxlm1MU=
github.com/davecgh/go-spew v1.1.1/go.mod h1:J7Y8YcW2NihsgmVo/mv3lAwl/skON4iLHjSsI+c5H38=
github.com/dgrijalva/jwt-go v3.2.0+incompatible/go.mod h1:E3ru+11k8xSBh+hMPgOLZmtrrCbhqsmaPHjLKYnJCaQ=
github.com/pmezard/go-difflib v1.0.0/go.mod h1:iKH77koFhYxTK1pcRnkKkqfTogsbg7gZNVY4sRDYZ/4=
github.com/stretchr/testify v1.2.2/go.mod h1:a8OnRcib4nhh0OaRAV+Yts87kKdq0PP7pXfy6kDkUVs=
gopkg.in/urfave/cli.v1 v1.20.0 h1:NdAVW6RYxDif9DhDHaAortIu956m2c0v+09AZBPTbE0=
gopkg.in/urfave/cli.v1 v1.20.0/go.mod h1:vuBzUtMdQeixQj8LVd+/98pzhxNGQoyuPBlsXHOQNO0=
